<Solution>
  <Folder Name="/benchmarks/">
    <Project Path="benchmarks/Kevlar.Benchmarks/Kevlar.Benchmarks.csproj" />
    <Project Path="benchmarks/Kevlar.StressTests/Kevlar.StressTests.csproj" />
  </Folder>
  <Folder Name="/src/">
    <Project Path="src/Kevlar.Chaos/Kevlar.Chaos.csproj" />
    <Project Path="src/Kevlar.Extensions.DependencyInjection/Kevlar.Extensions.DependencyInjection.csproj" />
    <Project Path="src/Kevlar.Extensions.Grpc/Kevlar.Extensions.Grpc.csproj" />
    <Project Path="src/Kevlar.Extensions.Http/Kevlar.Extensions.Http.csproj" />
    <Project Path="src/Kevlar.Extensions.Logging/Kevlar.Extensions.Logging.csproj" />
    <Project Path="src/Kevlar.Extensions.RateLimiting/Kevlar.Extensions.RateLimiting.csproj" />
    <Project Path="src/Kevlar/Kevlar.csproj" />
    <Project Path="src/Kevlar.Analyzers/Kevlar.Analyzers.csproj" />
    <Project Path="src/Kevlar.Testing/Kevlar.Testing.csproj" />
  </Folder>
  <Folder Name="/tests/">
    <Project Path="tests/Kevlar.Chaos.Tests/Kevlar.Chaos.Tests.csproj" />
    <Project Path="tests/Kevlar.AllocationTests/Kevlar.AllocationTests.csproj" />
    <Project Path="tests/Kevlar.IntegrationTests/Kevlar.IntegrationTests.csproj" />
    <Project Path="tests/Kevlar.NetStandard21.Tests/Kevlar.NetStandard21.Tests.csproj" />
    <Project Path="tests/Kevlar.Extensions.RateLimiting.Tests/Kevlar.Extensions.RateLimiting.Tests.csproj" />
    <Project Path="tests/Kevlar.Extensions.Logging.Tests/Kevlar.Extensions.Logging.Tests.csproj" />
    <Project Path="tests/Kevlar.NetStandard.Tests/Kevlar.NetStandard.Tests.csproj" />
    <Project Path="tests/Kevlar.Observability.Net8.Tests/Kevlar.Observability.Net8.Tests.csproj" />
    <Project Path="tests/Kevlar.Tests/Kevlar.Tests.csproj" />
    <Project Path="tests/Kevlar.Analyzers.Tests/Kevlar.Analyzers.Tests.csproj" />
    <Project Path="tests/Kevlar.Testing.Tests/Kevlar.Testing.Tests.csproj" />
  </Folder>
  <Folder Name="/tools/">
    <Project Path="tools/Kevlar.ApiVerifier/Kevlar.ApiVerifier.csproj" />
  </Folder>
</Solution>
